
Microsoft Visual Studio Solution File, Format Version 12.00
# Visual Studio 15
VisualStudioVersion = 15.0.28307.757
MinimumVisualStudioVersion = 10.0.40219.1
Project("{FAE04EC0-301F-11D3-BF4B-00C04F79EFBC}") = "TerminalManager", "TerminalManager\TerminalManager.csproj", "{684860F6-6A0D-4A2B-9883-CF43F45DE739}"
EndProject
Global
	GlobalSection(SolutionConfigurationPlatforms) = preSolution
		Debug|Any CPU = Debug|Any CPU
		Release|Any CPU = Release|Any CPU
	EndGlobalSection
	GlobalSection(ProjectConfigurationPlatforms) = postSolution
		{684860F6-6A0D-4A2B-9883-CF43F45DE739}.Debug|Any CPU.ActiveCfg = Debug|Any CPU
		{684860F6-6A0D-4A2B-9883-CF43F45DE739}.Debug|Any CPU.Build.0 = Debug|Any CPU
		{684860F6-6A0D-4A2B-9883-CF43F45DE739}.Release|Any CPU.ActiveCfg = Release|Any CPU
		{684860F6-6A0D-4A2B-9883-CF43F45DE739}.Release|Any CPU.Build.0 = Release|Any CPU
	EndGlobalSection
	GlobalSection(SolutionProperties) = preSolution
		HideSolutionNode = FALSE
	EndGlobalSection
	GlobalSection(ExtensibilityGlobals) = postSolution
		SolutionGuid = {B34A31F1-0FF7-47A4-A4A9-44053617F0D1}
	EndGlobalSection
EndGlobal
